
Microsoft Visual Studio Solution File, Format Version 12.00
# Visual Studio Version 17
VisualStudioVersion = 17.0.31912.275
MinimumVisualStudioVersion = 10.0.40219.1
Project("{888888A0-9F3D-457C-B088-3A5042F75D52}") = "pcse", "pcse.pyproj", "{46EA281D-7857-41DD-9BE5-D3A5FE2DE2C8}"
EndProject
Global
	GlobalSection(SolutionConfigurationPlatforms) = preSolution
		Debug|Any CPU = Debug|Any CPU
		Release|Any CPU = Release|Any CPU
	EndGlobalSection
	GlobalSection(ProjectConfigurationPlatforms) = postSolution
		{46EA281D-7857-41DD-9BE5-D3A5FE2DE2C8}.Debug|Any CPU.ActiveCfg = Debug|Any CPU
		{46EA281D-7857-41DD-9BE5-D3A5FE2DE2C8}.Release|Any CPU.ActiveCfg = Release|Any CPU
	EndGlobalSection
	GlobalSection(SolutionProperties) = preSolution
		HideSolutionNode = FALSE
	EndGlobalSection
	GlobalSection(ExtensibilityGlobals) = postSolution
		SolutionGuid = {C63E8533-8A6F-46B3-AC82-0FDA6D94ED42}
	EndGlobalSection
EndGlobal
